{
  "originHash" : "a85e67912a7d3bdd2f5ecba8515ac4c03cbabcf9e2dc4583d814136aea6aeea5",
  "pins" : [
    {
      "identity" : "adaptysdk-ios",
      "kind" : "remoteSourceControl",
      "location" : "https://github.com/adaptyteam/AdaptySDK-iOS.git",
      "state" : {
        "revision" : "95d1c90b5002a376082e69d41c399b39e407d1aa",
        "version" : "2.11.0"
      }
    },
    {
      "identity" : "corekit",
      "kind" : "remoteSourceControl",
      "location" : "https://github.com/eilonkr/CoreKit.git",
      "state" : {
        "branch" : "main",
        "revision" : "2ddf39313b77e18bb7ad1e43fa9bb4a571270548"
      }
    },
    {
      "identity" : "emailcomposer",
      "kind" : "remoteSourceControl",
      "location" : "https://github.com/gabrieltheodoropoulos/EmailComposer.git",
      "state" : {
        "revision" : "6c35d94b4abd760c3d1eb513ea59baabaecad607",
        "version" : "1.0.2"
      }
    },
    {
      "identity" : "lottie-spm",
      "kind" : "remoteSourceControl",
      "location" : "https://github.com/airbnb/lottie-spm.git",
      "state" : {
        "revision" : "04f2fd18cc9404a0a0917265a449002674f24ec9",
        "version" : "4.5.2"
      }
    },
    {
      "identity" : "observabledefaults",
      "kind" : "remoteSourceControl",
      "location" : "https://github.com/fatbobman/ObservableDefaults.git",
      "state" : {
        "revision" : "9927d8208366420c960672c735b48eee3f500c68",
        "version" : "1.6.0"
      }
    },
    {
      "identity" : "settingskit",
      "kind" : "remoteSourceControl",
      "location" : "https://github.com/eilonkr/SettingsKit.git",
      "state" : {
        "branch" : "main",
        "revision" : "99b78a25712414edce5e0dcf30c0f92a543ef6f7"
      }
    },
    {
      "identity" : "swift-syntax",
      "kind" : "remoteSourceControl",
      "location" : "https://github.com/swiftlang/swift-syntax",
      "state" : {
        "revision" : "f99ae8aa18f0cf0d53481901f88a0991dc3bd4a2",
        "version" : "601.0.1"
      }
    }
  ],
  "version" : 3
}
